// !$*UTF8*$!
{
	archiveVersion = 1;
	classes = {
	};
	objectVersion = 46;
	objects = {

/* Begin PBXBuildFile section */
		C9C379241AD9DE9800231C2D /* AppDelegate.swift in Sources */ = {isa = PBXBuildFile; fileRef = C9C379231AD9DE9800231C2D /* AppDelegate.swift */; };
		C9C379261AD9DE9800231C2D /* ViewController.swift in Sources */ = {isa = PBXBuildFile; fileRef = C9C379251AD9DE9800231C2D /* ViewController.swift */; };
		C9C379291AD9DE9800231C2D /* Main.storyboard in Resources */ = {isa = PBXBuildFile; fileRef = C9C379271AD9DE9800231C2D /* Main.storyboard */; };
		C9C3792B1AD9DE9800231C2D /* Images.xcassets in Resources */ = {isa = PBXBuildFile; fileRef = C9C3792A1AD9DE9800231C2D /* Images.xcassets */; };
		C9C3792E1AD9DE9800231C2D /* LaunchScreen.xib in Resources */ = {isa = PBXBuildFile; fileRef = C9C3792C1AD9DE9800231C2D /* LaunchScreen.xib */; };
		C9C3793A1AD9DE9800231C2D /* LionsAndTigersTests.swift in Sources */ = {isa = PBXBuildFile; fileRef = C9C379391AD9DE9800231C2D /* LionsAndTigersTests.swift */; };
/* End PBXBuildFile section */

/* Begin PBXContainerItemProxy section */
		C9C379341AD9DE9800231C2D /* PBXContainerItemProxy */ = {
			isa = PBXContainerItemProxy;
			containerPortal = C9C379161AD9DE9800231C2D /* Project object */;
			proxyType = 1;
			remoteGlobalIDString = C9C3791D1AD9DE9800231C2D;
			remoteInfo = LionsAndTigers;
		};
/* End PBXContainerItemProxy section */

/* Begin PBXFileReference section */
		C9C3791E1AD9DE9800231C2D /* LionsAndTigers.app */ = {isa = PBXFileReference; explicitFileType = wrapper.application; includeInIndex = 0; path = LionsAndTigers.app; sourceTree = BUILT_PRODUCTS_DIR; };
		C9C379221AD9DE9800231C2D /* Info.plist */ = {isa = PBXFileReference; lastKnownFileType = text.plist.xml; path = Info.plist; sourceTree = "<group>"; };
		C9C379231AD9DE9800231C2D /* AppDelegate.swift */ = {isa = PBXFileReference; lastKnownFileType = sourcecode.swift; path = AppDelegate.swift; sourceTree = "<group>"; };
		C9C379251AD9DE9800231C2D /* ViewController.swift */ = {isa = PBXFileReference; lastKnownFileType = sourcecode.swift; path = ViewController.swift; sourceTree = "<group>"; };
		C9C379281AD9DE9800231C2D /* Base */ = {isa = PBXFileReference; lastKnownFileType = file.storyboard; name = Base; path = Base.lproj/Main.storyboard; sourceTree = "<group>"; };
		C9C3792A1AD9DE9800231C2D /* Images.xcassets */ = {isa = PBXFileReference; lastKnownFileType = folder.assetcatalog; path = Images.xcassets; sourceTree = "<group>"; };
		C9C3792D1AD9DE9800231C2D /* Base */ = {isa = PBXFileReference; lastKnownFileType = file.xib; name = Base; path = Base.lproj/LaunchScreen.xib; sourceTree = "<group>"; };
		C9C379331AD9DE9800231C2D /* LionsAndTigersTests.xctest */ = {isa = PBXFileReference; explicitFileType = wrapper.cfbundle; includeInIndex = 0; path = LionsAndTigersTests.xctest; sourceTree = BUILT_PRODUCTS_DIR; };
		C9C379381AD9DE9800231C2D /* Info.plist */ = {isa = PBXFileReference; lastKnownFileType = text.plist.xml; path = Info.plist; sourceTree = "<group>"; };
		C9C379391AD9DE9800231C2D /* LionsAndTigersTests.swift */ = {isa = PBXFileReference; lastKnownFileType = sourcecode.swift; path = LionsAndTigersTests.swift; sourceTree = "<group>"; };
/* End PBXFileReference section */

/* Begin PBXFrameworksBuildPhase section */
		C9C3791B1AD9DE9800231C2D /* Frameworks */ = {
			isa = PBXFrameworksBuildPhase;
			buildActionMask = 2147483647;
			files = (
			);
			runOnlyForDeploymentPostprocessing = 0;
		};
		C9C379301AD9DE9800231C2D /* Frameworks */ = {
			isa = PBXFrameworksBuildPhase;
			buildActionMask = 2147483647;
			files = (
			);
			runOnlyForDeploymentPostprocessing = 0;
		};
/* End PBXFrameworksBuildPhase section */

/* Begin PBXGroup section */
		C9C379151AD9DE9800231C2D = {
			isa = PBXGroup;
			children = (
				C9C379201AD9DE9800231C2D /* LionsAndTigers */,
				C9C379361AD9DE9800231C2D /* LionsAndTigersTests */,
				C9C3791F1AD9DE9800231C2D /* Products */,
			);
			sourceTree = "<group>";
		};
		C9C3791F1AD9DE9800231C2D /* Products */ = {
			isa = PBXGroup;
			children = (
				C9C3791E1AD9DE9800231C2D /* LionsAndTigers.app */,
				C9C379331AD9DE9800231C2D /* LionsAndTigersTests.xctest */,
			);
			name = Products;
			sourceTree = "<group>";
		};
		C9C379201AD9DE9800231C2D /* LionsAndTigers */ = {
			isa = PBXGroup;
			children = (
				C9C379231AD9DE9800231C2D /* AppDelegate.swift */,
				C9C379251AD9DE9800231C2D /* ViewController.swift */,
				C9C379271AD9DE9800231C2D /* Main.storyboard */,
				C9C3792A1AD9DE9800231C2D /* Images.xcassets */,
				C9C3792C1AD9DE9800231C2D /* LaunchScreen.xib */,
				C9C379211AD9DE9800231C2D /* Supporting Files */,
			);
			path = LionsAndTigers;
			sourceTree = "<group>";
		};
		C9C379211AD9DE9800231C2D /* Supporting Files */ = {
			isa = PBXGroup;
			children = (
				C9C379221AD9DE9800231C2D /* Info.plist */,
			);
			name = "Supporting Files";
			sourceTree = "<group>";
		};
		C9C379361AD9DE9800231C2D /* LionsAndTigersTests */ = {
			isa = PBXGroup;
			children = (
				C9C379391AD9DE9800231C2D /* LionsAndTigersTests.swift */,
				C9C379371AD9DE9800231C2D /* Supporting Files */,
			);
			path = LionsAndTigersTests;
			sourceTree = "<group>";
		};
		C9C379371AD9DE9800231C2D /* Supporting Files */ = {
			isa = PBXGroup;
			children = (
				C9C379381AD9DE9800231C2D /* Info.plist */,
			);
			name = "Supporting Files";
			sourceTree = "<group>";
		};
/* End PBXGroup section */

/* Begin PBXNativeTarget section */
		C9C3791D1AD9DE9800231C2D /* LionsAndTigers */ = {
			isa = PBXNativeTarget;
			buildConfigurationList = C9C3793D1AD9DE9800231C2D /* Build configuration list for PBXNativeTarget "LionsAndTigers" */;
			buildPhases = (
				C9C3791A1AD9DE9800231C2D /* Sources */,
				C9C3791B1AD9DE9800231C2D /* Frameworks */,
				C9C3791C1AD9DE9800231C2D /* Resources */,
			);
			buildRules = (
			);
			dependencies = (
			);
			name = LionsAndTigers;
			productName = LionsAndTigers;
			productReference = C9C3791E1AD9DE9800231C2D /* LionsAndTigers.app */;
			productType = "com.apple.product-type.application";
		};
		C9C379321AD9DE9800231C2D /* LionsAndTigersTests */ = {
			isa = PBXNativeTarget;
			buildConfigurationList = C9C379401AD9DE9800231C2D /* Build configuration list for PBXNativeTarget "LionsAndTigersTests" */;
			buildPhases = (
				C9C3792F1AD9DE9800231C2D /* Sources */,
				C9C379301AD9DE9800231C2D /* Frameworks */,
				C9C379311AD9DE9800231C2D /* Resources */,
			);
			buildRules = (
			);
			dependencies = (
				C9C379351AD9DE9800231C2D /* PBXTargetDependency */,
			);
			name = LionsAndTigersTests;
			productName = LionsAndTigersTests;
			productReference = C9C379331AD9DE9800231C2D /* LionsAndTigersTests.xctest */;
			productType = "com.apple.product-type.bundle.unit-test";
		};
/* End PBXNativeTarget section */

/* Begin PBXProject section */
		C9C379161AD9DE9800231C2D /* Project object */ = {
			isa = PBXProject;
			attributes = {
				LastUpgradeCheck = 0620;
				ORGANIZATIONNAME = babbleFire;
				TargetAttributes = {
					C9C3791D1AD9DE9800231C2D = {
						CreatedOnToolsVersion = 6.2;
					};
					C9C379321AD9DE9800231C2D = {
						CreatedOnToolsVersion = 6.2;
						TestTargetID = C9C3791D1AD9DE9800231C2D;
					};
				};
			};
			buildConfigurationList = C9C379191AD9DE9800231C2D /* Build configuration list for PBXProject "LionsAndTigers" */;
			compatibilityVersion = "Xcode 3.2";
			developmentRegion = English;
			hasScannedForEncodings = 0;
			knownRegions = (
				en,
				Base,
			);
			mainGroup = C9C379151AD9DE9800231C2D;
			productRefGroup = C9C3791F1AD9DE9800231C2D /* Products */;
			projectDirPath = "";
			projectRoot = "";
			targets = (
				C9C3791D1AD9DE9800231C2D /* LionsAndTigers */,
				C9C379321AD9DE9800231C2D /* LionsAndTigersTests */,
			);
		};
/* End PBXProject section */

/* Begin PBXResourcesBuildPhase section */
		C9C3791C1AD9DE9800231C2D /* Resources */ = {
			isa = PBXResourcesBuildPhase;
			buildActionMask = 2147483647;
			files = (
				C9C379291AD9DE9800231C2D /* Main.storyboard in Resources */,
				C9C3792E1AD9DE9800231C2D /* LaunchScreen.xib in Resources */,
				C9C3792B1AD9DE9800231C2D /* Images.xcassets in Resources */,
			);
			runOnlyForDeploymentPostprocessing = 0;
		};
		C9C379311AD9DE9800231C2D /* Resources */ = {
			isa = PBXResourcesBuildPhase;
			buildActionMask = 2147483647;
			files = (
			);
			runOnlyForDeploymentPostprocessing = 0;
		};
/* End PBXResourcesBuildPhase section */

/* Begin PBXSourcesBuildPhase section */
		C9C3791A1AD9DE9800231C2D /* Sources */ = {
			isa = PBXSourcesBuildPhase;
			buildActionMask = 2147483647;
			files = (
				C9C379261AD9DE9800231C2D /* ViewController.swift in Sources */,
				C9C379241AD9DE9800231C2D /* AppDelegate.swift in Sources */,
			);
			runOnlyForDeploymentPostprocessing = 0;
		};
		C9C3792F1AD9DE9800231C2D /* Sources */ = {
			isa = PBXSourcesBuildPhase;
			buildActionMask = 2147483647;
			files = (
				C9C3793A1AD9DE9800231C2D /* LionsAndTigersTests.swift in Sources */,
			);
			runOnlyForDeploymentPostprocessing = 0;
		};
/* End PBXSourcesBuildPhase section */

/* Begin PBXTargetDependency section */
		C9C379351AD9DE9800231C2D /* PBXTargetDependency */ = {
			isa = PBXTargetDependency;
			target = C9C3791D1AD9DE9800231C2D /* LionsAndTigers */;
			targetProxy = C9C379341AD9DE9800231C2D /* PBXContainerItemProxy */;
		};
/* End PBXTargetDependency section */

/* Begin PBXVariantGroup section */
		C9C379271AD9DE9800231C2D /* Main.storyboard */ = {
			isa = PBXVariantGroup;
			children = (
				C9C379281AD9DE9800231C2D /* Base */,
			);
			name = Main.storyboard;
			sourceTree = "<group>";
		};
		C9C3792C1AD9DE9800231C2D /* LaunchScreen.xib */ = {
			isa = PBXVariantGroup;
			children = (
				C9C3792D1AD9DE9800231C2D /* Base */,
			);
			name = LaunchScreen.xib;
			sourceTree = "<group>";
		};
/* End PBXVariantGroup section */

/* Begin XCBuildConfiguration section */
		C9C3793B1AD9DE9800231C2D /* Debug */ = {
			isa = XCBuildConfiguration;
			buildSettings = {
				ALWAYS_SEARCH_USER_PATHS = NO;
				CLANG_CXX_LANGUAGE_STANDARD = "gnu++0x";
				CLANG_CXX_LIBRARY = "libc++";
				CLANG_ENABLE_MODULES = YES;
				CLANG_ENABLE_OBJC_ARC = YES;
				CLANG_WARN_BOOL_CONVERSION = YES;
				CLANG_WARN_CONSTANT_CONVERSION = YES;
				CLANG_WARN_DIRECT_OBJC_ISA_USAGE = YES_ERROR;
				CLANG_WARN_EMPTY_BODY = YES;
				CLANG_WARN_ENUM_CONVERSION = YES;
				CLANG_WARN_INT_CONVERSION = YES;
				CLANG_WARN_OBJC_ROOT_CLASS = YES_ERROR;
				CLANG_WARN_UNREACHABLE_CODE = YES;
				CLANG_WARN__DUPLICATE_METHOD_MATCH = YES;
				"CODE_SIGN_IDENTITY[sdk=iphoneos*]" = "iPhone Developer";
				COPY_PHASE_STRIP = NO;
				ENABLE_STRICT_OBJC_MSGSEND = YES;
				GCC_C_LANGUAGE_STANDARD = gnu99;
				GCC_DYNAMIC_NO_PIC = NO;
				GCC_OPTIMIZATION_LEVEL = 0;
				GCC_PREPROCESSOR_DEFINITIONS = (
					"DEBUG=1",
					"$(inherited)",
				);
				GCC_SYMBOLS_PRIVATE_EXTERN = NO;
				GCC_WARN_64_TO_32_BIT_CONVERSION = YES;
				GCC_WARN_ABOUT_RETURN_TYPE = YES_ERROR;
				GCC_WARN_UNDECLARED_SELECTOR = YES;
				GCC_WARN_UNINITIALIZED_AUTOS = YES_AGGRESSIVE;
				GCC_WARN_UNUSED_FUNCTION = YES;
				GCC_WARN_UNUSED_VARIABLE = YES;
				IPHONEOS_DEPLOYMENT_TARGET = 8.2;
				MTL_ENABLE_DEBUG_INFO = YES;
				ONLY_ACTIVE_ARCH = YES;
				SDKROOT = iphoneos;
				SWIFT_OPTIMIZATION_LEVEL = "-Onone";
				TARGETED_DEVICE_FAMILY = "1,2";
			};
			name = Debug;
		};
		C9C3793C1AD9DE9800231C2D /* Release */ = {
			isa = XCBuildConfiguration;
			buildSettings = {
				ALWAYS_SEARCH_USER_PATHS = NO;
				CLANG_CXX_LANGUAGE_STANDARD = "gnu++0x";
				CLANG_CXX_LIBRARY = "libc++";
				CLANG_ENABLE_MODULES = YES;
				CLANG_ENABLE_OBJC_ARC = YES;
				CLANG_WARN_BOOL_CONVERSION = YES;
				CLANG_WARN_CONSTANT_CONVERSION = YES;
				CLANG_WARN_DIRECT_OBJC_ISA_USAGE = YES_ERROR;
				CLANG_WARN_EMPTY_BODY = YES;
				CLANG_WARN_ENUM_CONVERSION = YES;
				CLANG_WARN_INT_CONVERSION = YES;
				CLANG_WARN_OBJC_ROOT_CLASS = YES_ERROR;
				CLANG_WARN_UNREACHABLE_CODE = YES;
				CLANG_WARN__DUPLICATE_METHOD_MATCH = YES;
				"CODE_SIGN_IDENTITY[sdk=iphoneos*]" = "iPhone Developer";
				COPY_PHASE_STRIP = NO;
				ENABLE_NS_ASSERTIONS = NO;
				ENABLE_STRICT_OBJC_MSGSEND = YES;
				GCC_C_LANGUAGE_STANDARD = gnu99;
				GCC_WARN_64_TO_32_BIT_CONVERSION = YES;
				GCC_WARN_ABOUT_RETURN_TYPE = YES_ERROR;
				GCC_WARN_UNDECLARED_SELECTOR = YES;
				GCC_WARN_UNINITIALIZED_AUTOS = YES_AGGRESSIVE;
				GCC_WARN_UNUSED_FUNCTION = YES;
				GCC_WARN_UNUSED_VARIABLE = YES;
				IPHONEOS_DEPLOYMENT_TARGET = 8.2;
				MTL_ENABLE_DEBUG_INFO = NO;
				SDKROOT = iphoneos;
				TARGETED_DEVICE_FAMILY = "1,2";
				VALIDATE_PRODUCT = YES;
			};
			name = Release;
		};
		C9C3793E1AD9DE9800231C2D /* Debug */ = {
			isa = XCBuildConfiguration;
			buildSettings = {
				ASSETCATALOG_COMPILER_APPICON_NAME = AppIcon;
				INFOPLIST_FILE = LionsAndTigers/Info.plist;
				LD_RUNPATH_SEARCH_PATHS = "$(inherited) @executable_path/Frameworks";
				PRODUCT_NAME = "$(TARGET_NAME)";
			};
			name = Debug;
		};
		C9C3793F1AD9DE9800231C2D /* Release */ = {
			isa = XCBuildConfiguration;
			buildSettings = {
				ASSETCATALOG_COMPILER_APPICON_NAME = AppIcon;
				INFOPLIST_FILE = LionsAndTigers/Info.plist;
				LD_RUNPATH_SEARCH_PATHS = "$(inherited) @executable_path/Frameworks";
				PRODUCT_NAME = "$(TARGET_NAME)";
			};
			name = Release;
		};
		C9C379411AD9DE9800231C2D /* Debug */ = {
			isa = XCBuildConfiguration;
			buildSettings = {
				BUNDLE_LOADER = "$(TEST_HOST)";
				FRAMEWORK_SEARCH_PATHS = (
					"$(SDKROOT)/Developer/Library/Frameworks",
					"$(inherited)",
				);
				GCC_PREPROCESSOR_DEFINITIONS = (
					"DEBUG=1",
					"$(inherited)",
				);
				INFOPLIST_FILE = LionsAndTigersTests/Info.plist;
				LD_RUNPATH_SEARCH_PATHS = "$(inherited) @executable_path/Frameworks @loader_path/Frameworks";
				PRODUCT_NAME = "$(TARGET_NAME)";
				TEST_HOST = "$(BUILT_PRODUCTS_DIR)/LionsAndTigers.app/LionsAndTigers";
			};
			name = Debug;
		};
		C9C379421AD9DE9800231C2D /* Release */ = {
			isa = XCBuildConfiguration;
			buildSettings = {
				BUNDLE_LOADER = "$(TEST_HOST)";
				FRAMEWORK_SEARCH_PATHS = (
					"$(SDKROOT)/Developer/Library/Frameworks",
					"$(inherited)",
				);
				INFOPLIST_FILE = LionsAndTigersTests/Info.plist;
				LD_RUNPATH_SEARCH_PATHS = "$(inherited) @executable_path/Frameworks @loader_path/Frameworks";
				PRODUCT_NAME = "$(TARGET_NAME)";
				TEST_HOST = "$(BUILT_PRODUCTS_DIR)/LionsAndTigers.app/LionsAndTigers";
			};
			name = Release;
		};
/* End XCBuildConfiguration section */

/* Begin XCConfigurationList section */
		C9C379191AD9DE9800231C2D /* Build configuration list for PBXProject "LionsAndTigers" */ = {
			isa = XCConfigurationList;
			buildConfigurations = (
				C9C3793B1AD9DE9800231C2D /* Debug */,
				C9C3793C1AD9DE9800231C2D /* Release */,
			);
			defaultConfigurationIsVisible = 0;
			defaultConfigurationName = Release;
		};
		C9C3793D1AD9DE9800231C2D /* Build configuration list for PBXNativeTarget "LionsAndTigers" */ = {
			isa = XCConfigurationList;
			buildConfigurations = (
				C9C3793E1AD9DE9800231C2D /* Debug */,
				C9C3793F1AD9DE9800231C2D /* Release */,
			);
			defaultConfigurationIsVisible = 0;
		};
		C9C379401AD9DE9800231C2D /* Build configuration list for PBXNativeTarget "LionsAndTigersTests" */ = {
			isa = XCConfigurationList;
			buildConfigurations = (
				C9C379411AD9DE9800231C2D /* Debug */,
				C9C379421AD9DE9800231C2D /* Release */,
			);
			defaultConfigurationIsVisible = 0;
		};
/* End XCConfigurationList section */
	};
	rootObject = C9C379161AD9DE9800231C2D /* Project object */;
}
